
Microsoft Visual Studio Solution File, Format Version 12.00
# Visual Studio Version 16
VisualStudioVersion = 25.0.1700.4
MinimumVisualStudioVersion = 10.0.40219.1
Project("{FAE04EC0-301F-11D3-BF4B-00C04F79EFBC}") = "CircleObjects", "CircleObjects\CircleObjects.csproj", "{15AA42C7-304A-4395-961A-BE6562A02884}"
EndProject
Global
	GlobalSection(SolutionConfigurationPlatforms) = preSolution
		Debug|Any CPU = Debug|Any CPU
		Release|Any CPU = Release|Any CPU
	EndGlobalSection
	GlobalSection(ProjectConfigurationPlatforms) = postSolution
		{15AA42C7-304A-4395-961A-BE6562A02884}.Debug|Any CPU.ActiveCfg = Debug|Any CPU
		{15AA42C7-304A-4395-961A-BE6562A02884}.Debug|Any CPU.Build.0 = Debug|Any CPU
		{15AA42C7-304A-4395-961A-BE6562A02884}.Release|Any CPU.ActiveCfg = Release|Any CPU
		{15AA42C7-304A-4395-961A-BE6562A02884}.Release|Any CPU.Build.0 = Release|Any CPU
	EndGlobalSection
	GlobalSection(SolutionProperties) = preSolution
		HideSolutionNode = FALSE
	EndGlobalSection
	GlobalSection(ExtensibilityGlobals) = postSolution
		SolutionGuid = {ED3EBA69-FE03-4939-83CB-B7FCCB1C08D7}
	EndGlobalSection
EndGlobal
